
Microsoft Visual Studio Solution File, Format Version 12.00
# Visual Studio Version 17
VisualStudioVersion = 17.6.33815.320
MinimumVisualStudioVersion = 10.0.40219.1
Project("{9A19103F-16F7-4668-BE54-9A1E7A4F7556}") = "TweetMicroservice", "TweetMicroservice\TweetMicroservice.csproj", "{A01F8B33-2826-47B8-8F88-25AD9FCB17E6}"
EndProject
Project("{9A19103F-16F7-4668-BE54-9A1E7A4F7556}") = "TweetMicroservice.Tests", "TweetMicroservice.Tests\TweetMicroservice.Tests.csproj", "{B0CB500F-B680-4EEE-AE19-1B2A956C0DCF}"
EndProject
Global
	GlobalSection(SolutionConfigurationPlatforms) = preSolution
		Debug|Any CPU = Debug|Any CPU
		Release|Any CPU = Release|Any CPU
	EndGlobalSection
	GlobalSection(ProjectConfigurationPlatforms) = postSolution
		{A01F8B33-2826-47B8-8F88-25AD9FCB17E6}.Debug|Any CPU.ActiveCfg = Debug|Any CPU
		{A01F8B33-2826-47B8-8F88-25AD9FCB17E6}.Debug|Any CPU.Build.0 = Debug|Any CPU
		{A01F8B33-2826-47B8-8F88-25AD9FCB17E6}.Release|Any CPU.ActiveCfg = Release|Any CPU
		{A01F8B33-2826-47B8-8F88-25AD9FCB17E6}.Release|Any CPU.Build.0 = Release|Any CPU
		{B0CB500F-B680-4EEE-AE19-1B2A956C0DCF}.Debug|Any CPU.ActiveCfg = Debug|Any CPU
		{B0CB500F-B680-4EEE-AE19-1B2A956C0DCF}.Debug|Any CPU.Build.0 = Debug|Any CPU
		{B0CB500F-B680-4EEE-AE19-1B2A956C0DCF}.Release|Any CPU.ActiveCfg = Release|Any CPU
		{B0CB500F-B680-4EEE-AE19-1B2A956C0DCF}.Release|Any CPU.Build.0 = Release|Any CPU
	EndGlobalSection
	GlobalSection(SolutionProperties) = preSolution
		HideSolutionNode = FALSE
	EndGlobalSection
	GlobalSection(ExtensibilityGlobals) = postSolution
		SolutionGuid = {C9D84C83-156B-4D74-B2E3-8735917A212E}
	EndGlobalSection
EndGlobal
